
Microsoft Visual Studio Solution File, Format Version 12.00
# Visual Studio Version 16
VisualStudioVersion = 16.0.31729.503
MinimumVisualStudioVersion = 10.0.40219.1
Project("{FAE04EC0-301F-11D3-BF4B-00C04F79EFBC}") = "Domain", "Domain\Domain.csproj", "{F14BBE4D-6B79-4089-A5F2-F776A4075E2C}"
EndProject
Project("{FAE04EC0-301F-11D3-BF4B-00C04F79EFBC}") = "Data", "Data\Data.csproj", "{B9A067CD-8140-4E27-A4A9-249336AE8123}"
EndProject
Global
	GlobalSection(SolutionConfigurationPlatforms) = preSolution
		Debug|Any CPU = Debug|Any CPU
		Release|Any CPU = Release|Any CPU
	EndGlobalSection
	GlobalSection(ProjectConfigurationPlatforms) = postSolution
		{F14BBE4D-6B79-4089-A5F2-F776A4075E2C}.Debug|Any CPU.ActiveCfg = Debug|Any CPU
		{F14BBE4D-6B79-4089-A5F2-F776A4075E2C}.Debug|Any CPU.Build.0 = Debug|Any CPU
		{F14BBE4D-6B79-4089-A5F2-F776A4075E2C}.Release|Any CPU.ActiveCfg = Release|Any CPU
		{F14BBE4D-6B79-4089-A5F2-F776A4075E2C}.Release|Any CPU.Build.0 = Release|Any CPU
		{B9A067CD-8140-4E27-A4A9-249336AE8123}.Debug|Any CPU.ActiveCfg = Debug|Any CPU
		{B9A067CD-8140-4E27-A4A9-249336AE8123}.Debug|Any CPU.Build.0 = Debug|Any CPU
		{B9A067CD-8140-4E27-A4A9-249336AE8123}.Release|Any CPU.ActiveCfg = Release|Any CPU
		{B9A067CD-8140-4E27-A4A9-249336AE8123}.Release|Any CPU.Build.0 = Release|Any CPU
	EndGlobalSection
	GlobalSection(SolutionProperties) = preSolution
		HideSolutionNode = FALSE
	EndGlobalSection
	GlobalSection(ExtensibilityGlobals) = postSolution
		SolutionGuid = {7E022A6C-E416-456F-ABEF-9888607F666F}
	EndGlobalSection
EndGlobal
